
Microsoft Visual Studio Solution File, Format Version 12.00
# Visual Studio 15
VisualStudioVersion = 15.0.27428.2043
MinimumVisualStudioVersion = 10.0.40219.1
Project("{9A19103F-16F7-4668-BE54-9A1E7A4F7556}") = "DepSolver", "DepSolver\DepSolver.csproj", "{CA72C573-2ADC-4696-AF35-2BA5E7684C15}"
EndProject
Global
	GlobalSection(SolutionConfigurationPlatforms) = preSolution
		Debug|Any CPU = Debug|Any CPU
		Release|Any CPU = Release|Any CPU
	EndGlobalSection
	GlobalSection(ProjectConfigurationPlatforms) = postSolution
		{CA72C573-2ADC-4696-AF35-2BA5E7684C15}.Debug|Any CPU.ActiveCfg = Debug|Any CPU
		{CA72C573-2ADC-4696-AF35-2BA5E7684C15}.Debug|Any CPU.Build.0 = Debug|Any CPU
		{CA72C573-2ADC-4696-AF35-2BA5E7684C15}.Release|Any CPU.ActiveCfg = Release|Any CPU
		{CA72C573-2ADC-4696-AF35-2BA5E7684C15}.Release|Any CPU.Build.0 = Release|Any CPU
	EndGlobalSection
	GlobalSection(SolutionProperties) = preSolution
		HideSolutionNode = FALSE
	EndGlobalSection
	GlobalSection(ExtensibilityGlobals) = postSolution
		SolutionGuid = {098ACA84-ABA9-4439-87BE-BBF26AD0B29C}
	EndGlobalSection
EndGlobal
