
Microsoft Visual Studio Solution File, Format Version 12.00
# Visual Studio 15
VisualStudioVersion = 15.0.27428.2043
MinimumVisualStudioVersion = 10.0.40219.1
Project("{FAE04EC0-301F-11D3-BF4B-00C04F79EFBC}") = "DepSolver", "DepSolver\DepSolver.csproj", "{4988AF07-7CAC-4432-8EC3-AD979D51E01E}"
EndProject
Global
	GlobalSection(SolutionConfigurationPlatforms) = preSolution
		Debug|Any CPU = Debug|Any CPU
		Release|Any CPU = Release|Any CPU
	EndGlobalSection
	GlobalSection(ProjectConfigurationPlatforms) = postSolution
		{4988AF07-7CAC-4432-8EC3-AD979D51E01E}.Debug|Any CPU.ActiveCfg = Debug|Any CPU
		{4988AF07-7CAC-4432-8EC3-AD979D51E01E}.Debug|Any CPU.Build.0 = Debug|Any CPU
		{4988AF07-7CAC-4432-8EC3-AD979D51E01E}.Release|Any CPU.ActiveCfg = Release|Any CPU
		{4988AF07-7CAC-4432-8EC3-AD979D51E01E}.Release|Any CPU.Build.0 = Release|Any CPU
	EndGlobalSection
	GlobalSection(SolutionProperties) = preSolution
		HideSolutionNode = FALSE
	EndGlobalSection
	GlobalSection(ExtensibilityGlobals) = postSolution
		SolutionGuid = {681B5070-25EB-429F-B7A7-B1148A7D495F}
	EndGlobalSection
EndGlobal
